
Microsoft Visual Studio Solution File, Format Version 12.00
# Visual Studio Version 16
VisualStudioVersion = 16.0.32407.337
MinimumVisualStudioVersion = 10.0.40219.1
Project("{FAE04EC0-301F-11D3-BF4B-00C04F79EFBC}") = "project1", "project1\project1.csproj", "{2B4373B0-DF85-47DB-B42A-7D5018C286FE}"
EndProject
Global
	GlobalSection(SolutionConfigurationPlatforms) = preSolution
		Debug|Any CPU = Debug|Any CPU
		Release|Any CPU = Release|Any CPU
	EndGlobalSection
	GlobalSection(ProjectConfigurationPlatforms) = postSolution
		{2B4373B0-DF85-47DB-B42A-7D5018C286FE}.Debug|Any CPU.ActiveCfg = Debug|Any CPU
		{2B4373B0-DF85-47DB-B42A-7D5018C286FE}.Debug|Any CPU.Build.0 = Debug|Any CPU
		{2B4373B0-DF85-47DB-B42A-7D5018C286FE}.Release|Any CPU.ActiveCfg = Release|Any CPU
		{2B4373B0-DF85-47DB-B42A-7D5018C286FE}.Release|Any CPU.Build.0 = Release|Any CPU
	EndGlobalSection
	GlobalSection(SolutionProperties) = preSolution
		HideSolutionNode = FALSE
	EndGlobalSection
	GlobalSection(ExtensibilityGlobals) = postSolution
		SolutionGuid = {6901B3C9-1237-45E2-8404-68B3E39CCFDB}
	EndGlobalSection
EndGlobal
